
Microsoft Visual Studio Solution File, Format Version 12.00
# Visual Studio Version 16
VisualStudioVersion = 16.0.30907.101
MinimumVisualStudioVersion = 10.0.40219.1
Project("{FAE04EC0-301F-11D3-BF4B-00C04F79EFBC}") = "Test_A", "Test_A\Test_A.csproj", "{BEC5CA90-28EB-492A-B9C5-E242382A240F}"
EndProject
Project("{FAE04EC0-301F-11D3-BF4B-00C04F79EFBC}") = "Test_ATests", "Test_ATests\Test_ATests.csproj", "{2A6E2BA3-5D43-46FF-A2F2-4CFA33326DD4}"
EndProject
Global
	GlobalSection(SolutionConfigurationPlatforms) = preSolution
		Debug|Any CPU = Debug|Any CPU
		Release|Any CPU = Release|Any CPU
	EndGlobalSection
	GlobalSection(ProjectConfigurationPlatforms) = postSolution
		{BEC5CA90-28EB-492A-B9C5-E242382A240F}.Debug|Any CPU.ActiveCfg = Debug|Any CPU
		{BEC5CA90-28EB-492A-B9C5-E242382A240F}.Debug|Any CPU.Build.0 = Debug|Any CPU
		{BEC5CA90-28EB-492A-B9C5-E242382A240F}.Release|Any CPU.ActiveCfg = Release|Any CPU
		{BEC5CA90-28EB-492A-B9C5-E242382A240F}.Release|Any CPU.Build.0 = Release|Any CPU
		{2A6E2BA3-5D43-46FF-A2F2-4CFA33326DD4}.Debug|Any CPU.ActiveCfg = Debug|Any CPU
		{2A6E2BA3-5D43-46FF-A2F2-4CFA33326DD4}.Debug|Any CPU.Build.0 = Debug|Any CPU
		{2A6E2BA3-5D43-46FF-A2F2-4CFA33326DD4}.Release|Any CPU.ActiveCfg = Release|Any CPU
		{2A6E2BA3-5D43-46FF-A2F2-4CFA33326DD4}.Release|Any CPU.Build.0 = Release|Any CPU
	EndGlobalSection
	GlobalSection(SolutionProperties) = preSolution
		HideSolutionNode = FALSE
	EndGlobalSection
	GlobalSection(ExtensibilityGlobals) = postSolution
		SolutionGuid = {4B51CF9C-0809-4714-802A-EF09BB09D60A}
	EndGlobalSection
EndGlobal
